
Microsoft Visual Studio Solution File, Format Version 12.00
# Visual Studio Version 17
VisualStudioVersion = 17.12.35707.178
MinimumVisualStudioVersion = 10.0.40219.1
Project("{FAE04EC0-301F-11D3-BF4B-00C04F79EFBC}") = "JobApplicationTrackerAPI", "JobApplicationTrackerAPI\JobApplicationTrackerAPI.csproj", "{F89F09F1-6DF5-46CE-B8F9-1A303E27D50C}"
EndProject
Project("{FAE04EC0-301F-11D3-BF4B-00C04F79EFBC}") = "JobApplicationTrackerAPI.Tests", "JobApplicationTrackerAPI.Tests\JobApplicationTrackerAPI.Tests.csproj", "{145E8E3C-06EA-4AB4-BD95-CC1726B13716}"
EndProject
Global
	GlobalSection(SolutionConfigurationPlatforms) = preSolution
		Debug|Any CPU = Debug|Any CPU
		Release|Any CPU = Release|Any CPU
	EndGlobalSection
	GlobalSection(ProjectConfigurationPlatforms) = postSolution
		{F89F09F1-6DF5-46CE-B8F9-1A303E27D50C}.Debug|Any CPU.ActiveCfg = Debug|Any CPU
		{F89F09F1-6DF5-46CE-B8F9-1A303E27D50C}.Debug|Any CPU.Build.0 = Debug|Any CPU
		{F89F09F1-6DF5-46CE-B8F9-1A303E27D50C}.Release|Any CPU.ActiveCfg = Release|Any CPU
		{F89F09F1-6DF5-46CE-B8F9-1A303E27D50C}.Release|Any CPU.Build.0 = Release|Any CPU
		{145E8E3C-06EA-4AB4-BD95-CC1726B13716}.Debug|Any CPU.ActiveCfg = Debug|Any CPU
		{145E8E3C-06EA-4AB4-BD95-CC1726B13716}.Debug|Any CPU.Build.0 = Debug|Any CPU
		{145E8E3C-06EA-4AB4-BD95-CC1726B13716}.Release|Any CPU.ActiveCfg = Release|Any CPU
		{145E8E3C-06EA-4AB4-BD95-CC1726B13716}.Release|Any CPU.Build.0 = Release|Any CPU
	EndGlobalSection
	GlobalSection(SolutionProperties) = preSolution
		HideSolutionNode = FALSE
	EndGlobalSection
EndGlobal
